dependencies:
- name: kube-prometheus-stack
  repository: https://prometheus-community.github.io/helm-charts
  version: 81.5.0
- name: tempo
  repository: https://grafana.github.io/helm-charts
  version: 1.24.4
digest: sha256:4510a5ace352c230b97265367b62cfeff20c5cb5e7883dcfe236d6d3aef75733
generated: "2026-02-04T18:30:42.954181099Z"
